{
  "version": 4,
  "terraform_version": "1.9.2",
  "serial": 84,
  "lineage": "00519c84-ed69-9cd2-9bd1-c3eae5c0d6e7",
  "outputs": {
    "aws_internet_gateway": {
      "value": "igw-0d651f68e57e2d03d",
      "type": "string"
    },
    "private_subnet": {
      "value": [
        "subnet-057589875daf1a69f",
        "subnet-0d1ef1c96eb24637c",
        "subnet-0e75515a13c5216ff"
      ],
      "type": [
        "tuple",
        [
          "string",
          "string",
          "string"
        ]
      ]
    },
    "public_subnet": {
      "value": [
        "subnet-022ec972a3b04de5f",
        "subnet-0bac75f4276362f2b",
        "subnet-026c6d8e9385d6cc3"
      ],
      "type": [
        "tuple",
        [
          "string",
          "string",
          "string"
        ]
      ]
    },
    "vpc": {
      "value": "vpc-01a377318dbab858e",
      "type": "string"
    }
  },
  "resources": [
    {
      "module": "module.ec2",
      "mode": "managed",
      "type": "aws_instance",
      "name": "main_ec2",
      "provider": "provider[\"registry.terraform.io/hashicorp/aws\"]",
      "instances": [
        {
          "schema_version": 1,
          "attributes": {
            "ami": "ami-0809dd5035d9217b8",
            "arn": "arn:aws:ec2:ap-southeast-2:236983045839:instance/i-0d61cc77d4c0a348e",
            "associate_public_ip_address": false,
            "availability_zone": "ap-southeast-2a",
            "capacity_reservation_specification": [
              {
                "capacity_reservation_preference": "open",
                "capacity_reservation_target": []
              }
            ],
            "cpu_core_count": 1,
            "cpu_options": [
              {
                "amd_sev_snp": "",
                "core_count": 1,
                "threads_per_core": 1
              }
            ],
            "cpu_threads_per_core": 1,
            "credit_specification": [
              {
                "cpu_credits": "standard"
              }
            ],
            "disable_api_stop": false,
            "disable_api_termination": false,
            "ebs_block_device": [],
            "ebs_optimized": false,
            "enclave_options": [
              {
                "enabled": false
              }
            ],
            "ephemeral_block_device": [],
            "get_password_data": false,
            "hibernation": false,
            "host_id": "",
            "host_resource_group_arn": null,
            "iam_instance_profile": "",
            "id": "i-0d61cc77d4c0a348e",
            "instance_initiated_shutdown_behavior": "stop",
            "instance_lifecycle": "",
            "instance_market_options": [],
            "instance_state": "running",
            "instance_type": "t2.micro",
            "ipv6_address_count": 0,
            "ipv6_addresses": [],
            "key_name": "cuong_key",
            "launch_template": [],
            "maintenance_options": [
              {
                "auto_recovery": "default"
              }
            ],
            "metadata_options": [
              {
                "http_endpoint": "enabled",
                "http_protocol_ipv6": "disabled",
                "http_put_response_hop_limit": 2,
                "http_tokens": "required",
                "instance_metadata_tags": "disabled"
              }
            ],
            "monitoring": false,
            "network_interface": [],
            "outpost_arn": "",
            "password_data": "",
            "placement_group": "",
            "placement_partition_number": 0,
            "primary_network_interface_id": "eni-039bc54936dfa88ac",
            "private_dns": "ip-10-0-4-82.ap-southeast-2.compute.internal",
            "private_dns_name_options": [
              {
                "enable_resource_name_dns_a_record": false,
                "enable_resource_name_dns_aaaa_record": false,
                "hostname_type": "ip-name"
              }
            ],
            "private_ip": "10.0.4.82",
            "public_dns": "",
            "public_ip": "",
            "root_block_device": [
              {
                "delete_on_termination": true,
                "device_name": "/dev/xvda",
                "encrypted": false,
                "iops": 3000,
                "kms_key_id": "",
                "tags": {},
                "tags_all": {},
                "throughput": 125,
                "volume_id": "vol-08820d130765f68ab",
                "volume_size": 8,
                "volume_type": "gp3"
              }
            ],
            "secondary_private_ips": [],
            "security_groups": [
              "sg-065ac8347883ebe74"
            ],
            "source_dest_check": true,
            "spot_instance_request_id": "",
            "subnet_id": "subnet-022ec972a3b04de5f",
            "tags": {
              "Name": "main-ec2"
            },
            "tags_all": {
              "Name": "main-ec2"
            },
            "tenancy": "default",
            "timeouts": null,
            "user_data": null,
            "user_data_base64": null,
            "user_data_replace_on_change": false,
            "volume_tags": null,
            "vpc_security_group_ids": [
              "sg-065ac8347883ebe74"
            ]
          },
          "sensitive_attributes": [],
          "private": "eyJlMmJmYjczMC1lY2FhLTExZTYtOGY4OC0zNDM2M2JjN2M0YzAiOnsiY3JlYXRlIjo2MDAwMDAwMDAwMDAsImRlbGV0ZSI6MTIwMDAwMDAwMDAwMCwicmVhZCI6OTAwMDAwMDAwMDAwLCJ1cGRhdGUiOjYwMDAwMDAwMDAwMH0sInNjaGVtYV92ZXJzaW9uIjoiMSJ9",
          "dependencies": [
            "module.ec2.aws_security_group.ec2_sg",
            "module.vpc.aws_subnet.public_subnet",
            "module.vpc.aws_vpc.vpc"
          ]
        }
      ]
    },
    {
      "module": "module.ec2",
      "mode": "managed",
      "type": "aws_key_pair",
      "name": "cuong_key",
      "provider": "provider[\"registry.terraform.io/hashicorp/aws\"]",
      "instances": [
        {
          "schema_version": 1,
          "attributes": {
            "arn": "arn:aws:ec2:ap-southeast-2:236983045839:key-pair/cuong_key",
            "fingerprint": "10:88:56:25:ab:27:b3:a2:f0:b1:da:55:c8:10:d2:15",
            "id": "cuong_key",
            "key_name": "cuong_key",
            "key_name_prefix": "",
            "key_pair_id": "key-020869e8b6e709c07",
            "key_type": "rsa",
            "public_key": "ssh-rsa AAAAB3NzaC1yc2EAAAADAQABAAACAQC/qLxRUKUM3+0nFKYHsSbkZnlpekEd4E70yuikioToFIa5lRRIaLgi3S+D0Q+IKM6lu4jkCTMY/gfDzy9emLl08wRoXjvlT+aK+/3E71nz2+42nJLVRf5YXgSwnxbaE/MLXCscAWvs27mnLisirYAMns1YHgNQBKFLDL6Nhb1UKsfaYzzTFaoImSDKswp+iuarDcsBqcaQ2kX196caTJyXaVzC7/X3amWY89RqMV14OuStvV+fQDjDnsmaaLRscYNsDT9A22uBPSdmrbuKza390WIpVcIwh4J9JErwneRXgOJn9Wj/IuWPcVZboECcltyqsub/C5XQvjasapLwfYAgUeeDTswVPE2+lING0Z5khWhy3xXDRJlaq2ldc+IdaXYxXbLqgJEtFXX/qYYpmVMvSGsTvdC009Me5eX68W+7hxYXQlofNwTswzjuR/U07gJyygQu9ZHXnhnvCm04a1rEwvNctAfqiOBm90wImKzfYeqhJ3hNKhJBIwKh0VqH8wOuwkz+oV71iuDWzKysr2wG3AHaeJSrRhg/FQHlZxHe597PPe43doRaFAFcJt4UCT1mXO9zZ43onEag2FY3X1ZBw0TsQBjz8VZCIJJsivQwraemM37MbJbnHMahqFA60umN69g4xDzdVJHg+wLrBG//vsrGJs7azUCzVAJoX6rD5Q==",
            "tags": {},
            "tags_all": {}
          },
          "sensitive_attributes": [],
          "private": "eyJzY2hlbWFfdmVyc2lvbiI6IjEifQ==",
          "dependencies": [
            "module.ec2.tls_private_key.cuong_rsa"
          ]
        }
      ]
    },
    {
      "module": "module.ec2",
      "mode": "managed",
      "type": "aws_security_group",
      "name": "ec2_sg",
      "provider": "provider[\"registry.terraform.io/hashicorp/aws\"]",
      "instances": [
        {
          "schema_version": 1,
          "attributes": {
            "arn": "arn:aws:ec2:ap-southeast-2:236983045839:security-group/sg-065ac8347883ebe74",
            "description": "Allow traffic ec2 connections",
            "egress": [
              {
                "cidr_blocks": [
                  "0.0.0.0/0"
                ],
                "description": "",
                "from_port": 0,
                "ipv6_cidr_blocks": [],
                "prefix_list_ids": [],
                "protocol": "-1",
                "security_groups": [],
                "self": false,
                "to_port": 0
              }
            ],
            "id": "sg-065ac8347883ebe74",
            "ingress": [
              {
                "cidr_blocks": [
                  "0.0.0.0/0"
                ],
                "description": "",
                "from_port": 0,
                "ipv6_cidr_blocks": [],
                "prefix_list_ids": [],
                "protocol": "-1",
                "security_groups": [],
                "self": false,
                "to_port": 0
              },
              {
                "cidr_blocks": [
                  "0.0.0.0/0"
                ],
                "description": null,
                "from_port": -1,
                "ipv6_cidr_blocks": [],
                "prefix_list_ids": [],
                "protocol": "icmp",
                "security_groups": [],
                "self": false,
                "to_port": -1
              },
              {
                "cidr_blocks": [
                  "0.0.0.0/0"
                ],
                "description": null,
                "from_port": 22,
                "ipv6_cidr_blocks": [],
                "prefix_list_ids": [],
                "protocol": "tcp",
                "security_groups": [],
                "self": false,
                "to_port": 22
              },
              {
                "cidr_blocks": [
                  "0.0.0.0/0"
                ],
                "description": null,
                "from_port": 443,
                "ipv6_cidr_blocks": [],
                "prefix_list_ids": [],
                "protocol": "tcp",
                "security_groups": [],
                "self": false,
                "to_port": 443
              },
              {
                "cidr_blocks": [
                  "0.0.0.0/0"
                ],
                "description": null,
                "from_port": 80,
                "ipv6_cidr_blocks": [],
                "prefix_list_ids": [],
                "protocol": "tcp",
                "security_groups": [],
                "self": false,
                "to_port": 80
              }
            ],
            "name": "web-srv-sg",
            "name_prefix": "",
            "owner_id": "236983045839",
            "revoke_rules_on_delete": false,
            "tags": {
              "Name": "allow_traffic_ec2_sg"
            },
            "tags_all": {
              "Name": "allow_traffic_ec2_sg"
            },
            "timeouts": null,
            "vpc_id": "vpc-01a377318dbab858e"
          },
          "sensitive_attributes": [],
          "private": "eyJlMmJmYjczMC1lY2FhLTExZTYtOGY4OC0zNDM2M2JjN2M0YzAiOnsiY3JlYXRlIjo2MDAwMDAwMDAwMDAsImRlbGV0ZSI6OTAwMDAwMDAwMDAwfSwic2NoZW1hX3ZlcnNpb24iOiIxIn0=",
          "dependencies": [
            "module.vpc.aws_vpc.vpc"
          ]
        }
      ]
    },
    {
      "module": "module.ec2",
      "mode": "managed",
      "type": "local_file",
      "name": "file",
      "provider": "provider[\"registry.terraform.io/hashicorp/local\"]",
      "instances": [
        {
          "schema_version": 0,
          "attributes": {
            "content": "-----BEGIN RSA PRIVATE KEY-----\nMIIJKQIBAAKCAgEAv6i8UVClDN/tJxSmB7Em5GZ5aXpBHeBO9MropIqE6BSGuZUU\nSGi4It0vg9EPiCjOpbuI5AkzGP4Hw88vXpi5dPMEaF475U/mivv9xO9Z89vuNpyS\n1UX+WF4EsJ8W2hPzC1wrHAFr7Nu5py4rIq2ADJ7NWB4DUAShSwy+jYW9VCrH2mM8\n0xWqCJkgyrMKformqw3LAanGkNpF9fenGkycl2lcwu/192plmPPUajFdeDrkrb1f\nn0A4w57Jmmi0bHGDbA0/QNtrgT0nZq27is2t/dFiKVXCMIeCfSRK8J3kV4DiZ/Vo\n/yLlj3FWW6BAnJbcqrLm/wuV0L42rGqS8H2AIFHng07MFTxNvpSDRtGeZIVoct8V\nw0SZWqtpXXPiHWl2MV2y6oCRLRV1/6mGKZlTL0hrE73QtNPTHuXl+vFvu4cWF0Ja\nHzcE7MM47kf1NO4CcsoELvWR154Z7wptOGtaxMLzXLQH6ojgZvdMCJis32HqoSd4\nTSoSQSMCodFah/MDrsJM/qFe9Yrg1sysrK9sBtwB2niUq0YYPxUB5WcR3ufezz3u\nN3aEWhQBXCbeFAk9Zlzvc2eN6JxGoNhWN19WQcNE7EAY8/FWQiCSbIr0MK2npjN+\nzGyW5xzGoahQOtLpjevYOMQ83VSR4PsC6wRv/77KxibO2s1As1QCaF+qw+UCAwEA\nAQKCAgBYTDOePsobeVq3w4KOTqY9WZyb5I/1ZK7bhlPR4mNCzJoZC76RcXVL0p0e\nXIWMVEiIADMb48UfwYDwTBZlvXTLlV41exybE8mBxIBwZ1kIyQ0hKddX3GxGZ+I/\nQLv1cnVpiWfu+hSvxbbtd4615jr1FYBDFWivR8LLYa60YqYMDb2PNmMCWJvCZFHA\nMOYn0HRe3/bj6ESr3XOX0yWwLxWBiDANOyIVf3YZFlSJK/8E8hUCmhlgs+Sy8wes\nVIqy30UN1biLd8s6emMZofaiBwoewoU3x+O0GeobH0pLOmLFkYI9JMnfqUMbZ7rC\ncbzyp2o4Vj2nyL2XstpbaqoRk7Af54qrTePPw5r52XP+nwJE5eGxHUMemwe4ZJI6\n+yNVSj9ijUZKj5ngxvfdHLZiHYonnwsA/CdL/z+f8w9HLaymaAoL3yqd0c6mlcAV\n/vf4B7Ew2gTrxNos5AIwcgC8jRRy1eIaf1wH+R9NWOlPDHz+p1g9bjy5l3FkzvxS\nUx5stJspoQFoxWEC3oLwqi0fQWXlX6HpS4wHvgEDvghTIRJVP3fAmMH8G55WDoXt\n40dhTQGsV0GHui/ubVVn79PQpjYooFEUnpaOoCzqTJ0A46RkeGJWefRBpH+Wt9VV\n8QOl5vaMXcNU+gC+vsuFmo81wKx5c+qqmVNiwBVJtXvHMgLswQKCAQEA5FFu4Dwm\nIqlnDrMWHftvcWMMqMs25pyKBcTut5uHMhSf2VqLbtNXHmGbcxNcy65CbcilqF6B\n1gu/HBDLC5z+PVQIMhGIXEwZr12Z8DPi2Nx6PwQwu6wjM9inGAdXKC4nelfoQf4E\nAFiCZn3vKx5QEt1j2XeMiVStAgj31V2din4TGEFHNVENtZLPQGbvrTvCDWWFXKww\nIRkHsWcV5pOrdKdlmwECLU+1xr4xHUuFtuNdLleOQhbq161AStG6tfqyGe7HWGKx\nM2NAbQbvpl2+i20UnnejiBVrDFvFZIaJFm/o2y/YTpD0Gd19VRUbYKGQ074Ai/FS\nbgQOPOLxdF2QNQKCAQEA1uV5+kH7owJMyPDtG9mpyzVwqrP1LBH3TKKdCPSIsA/8\nu+726Ifqflyaxvtrj41CchpLXJ+EW4yFb9hw4St4Hu2HxAvwzV9T3e85DJL1aY+u\nBWj/BECiKJ66+hhctw/08WdIGyBq1+6tW8PDlydHS6tpw27M0aef+puOKWTbzJBx\nJEaPqIs4TzbjroL1wK4fEEJuuDQMzSIiWCY50pJ6wiMSTPSLHr13e/AuyIMyKZgq\nXC9TjQ+/lRGHGpb1TCkUcZdJhx7AX9sGTQROaku2fdf8rNsKIAq4bfR27GIvm2vJ\no9Fu6++dxaLCK0JrEu+XvX4LSsq1iwM2Gt3MjoI68QKCAQEAwFrTHNvQDTfHeZzr\nr0rcMx0N10+N63BK4F1v+QRxPIIfwhEEk9Q9+3ykaKkRbxBbKv72gglNPbYbxltn\nlVso3yZi2TvoNEpxAUvMm5A7OBVYcKrpG9QEvHN1I0tb5KAt5mcVaDPHzzrCcfL7\ngspBEAOxUc/kePb741EG6525UqqxD6g/g+3LrQQI0+tlVf+Yl4zGdLMkwV3DG3UM\nAHy84MT/Vz3cRax4Kv6lhlbQSqr3IEnnskp4hEiUd/SGZzbUwgBntlE/lVmzN6e2\nU+V62SCHVJLbFZVl4L2Yaf7mlB6ogbGnfVmmLfxq0Tm9HQZBbAMRltUzazjDfgx8\n/FqvWQKCAQEAgN5KQKYzBfUKIPJB7pKf/QmGEAgs/YmkmKNnsogaNCLSN8086gMf\nvzk/ZBY/0W0vrIdSLDBIyjHBj2nnf1B3D2z4HrveYvpIq+2ac4zpeK09+WaWj3FH\nDT7q97GGYA1EoUODfSj6iZVLBp2l/E4Etj8MBLO8RfnUuQ9xuCcQnGL+Rne+DJ+4\nW+CZtvw37Z09aZ29Ed+80YMnv17lC/7leOhZQCbiCsQqE/vbwkjS2xiyRmfnHc+U\n3wsMzwg5/7se1GOaJ1psmM8avzLW522R+XN9xhbwwnhLUzzn2CelTvnbiM6+SuR9\n45gQAqso1MkzYOJmWSqopb1+Q6xA0DEOsQKCAQBnDt1otVBxtuRwnLBu/2dt1Ji/\nYf1pRBPlXqtz5YvagbbWr6R2N1nISansjAL8y8TOnT2EJkBQTOxAPN/vO1ypSyGf\nYWAbSVp7R9ew2a8oKBBgNcxmJBhanpN2AN6BYfV8L8JiIDHOFZjIFRoXI4f5Nsmf\njYKDpuAKAZ6IApJVq20JHxP2BbAhXR1E8oVHmbSfQsGat215YRyNJQTgWaeNo0/h\n4Mn1JypFiT+VX5ncJGK800PBw8pglhgplw+7b6wAvC1cej+QZt+aCqVgfRZMR657\nPHl9gRQzzyJRItN2a1CWm13CpAinSEuRvgtbxY9zjuVe1LD+9yBP1dn0HVCr\n-----END RSA PRIVATE KEY-----\n",
            "content_base64": null,
            "content_base64sha256": "uurOrRz/4WCASxAq8XR3BXFWxpgnr6adbzh/yAXZyTk=",
            "content_base64sha512": "mehijiZg2npVxUOdNqSTBW6vUQhf4zV09liJATqsm+94ro3XlBBh7ct+9FzQfcXXx754dUZnw7lMfUOXiHuG4A==",
            "content_md5": "4d3d89a6d992a697ff4fb364ea3c1247",
            "content_sha1": "d7f23cffb373e624e90050eaad8c961f8030da90",
            "content_sha256": "baeacead1cffe160804b102af17477057156c69827afa69d6f387fc805d9c939",
            "content_sha512": "99e8628e2660da7a55c5439d36a493056eaf51085fe33574f65889013aac9bef78ae8dd7941061edcb7ef45cd07dc5d7c7be78754667c3b94c7d4397887b86e0",
            "directory_permission": "0777",
            "file_permission": "0777",
            "filename": "cuong_key",
            "id": "d7f23cffb373e624e90050eaad8c961f8030da90",
            "sensitive_content": null,
            "source": null
          },
          "sensitive_attributes": [
            [
              {
                "type": "get_attr",
                "value": "sensitive_content"
              }
            ],
            [
              {
                "type": "get_attr",
                "value": "content"
              }
            ]
          ],
          "dependencies": [
            "module.ec2.tls_private_key.cuong_rsa"
          ]
        }
      ]
    },
    {
      "module": "module.ec2",
      "mode": "managed",
      "type": "tls_private_key",
      "name": "cuong_rsa",
      "provider": "provider[\"registry.terraform.io/hashicorp/tls\"]",
      "instances": [
        {
          "schema_version": 1,
          "attributes": {
            "algorithm": "RSA",
            "ecdsa_curve": "P224",
            "id": "50fbc6dc8c28fb6d56ba64b03ff1ceec8f1be4b6",
            "private_key_openssh": "-----BEGIN OPENSSH PRIVATE KEY-----\nb3BlbnNzaC1rZXktdjEAAAAABG5vbmUAAAAEbm9uZQAAAAAAAAABAAACFwAAAAdz\nc2gtcnNhAAAAAwEAAQAAAgEAv6i8UVClDN/tJxSmB7Em5GZ5aXpBHeBO9MropIqE\n6BSGuZUUSGi4It0vg9EPiCjOpbuI5AkzGP4Hw88vXpi5dPMEaF475U/mivv9xO9Z\n89vuNpyS1UX+WF4EsJ8W2hPzC1wrHAFr7Nu5py4rIq2ADJ7NWB4DUAShSwy+jYW9\nVCrH2mM80xWqCJkgyrMKformqw3LAanGkNpF9fenGkycl2lcwu/192plmPPUajFd\neDrkrb1fn0A4w57Jmmi0bHGDbA0/QNtrgT0nZq27is2t/dFiKVXCMIeCfSRK8J3k\nV4DiZ/Vo/yLlj3FWW6BAnJbcqrLm/wuV0L42rGqS8H2AIFHng07MFTxNvpSDRtGe\nZIVoct8Vw0SZWqtpXXPiHWl2MV2y6oCRLRV1/6mGKZlTL0hrE73QtNPTHuXl+vFv\nu4cWF0JaHzcE7MM47kf1NO4CcsoELvWR154Z7wptOGtaxMLzXLQH6ojgZvdMCJis\n32HqoSd4TSoSQSMCodFah/MDrsJM/qFe9Yrg1sysrK9sBtwB2niUq0YYPxUB5WcR\n3ufezz3uN3aEWhQBXCbeFAk9Zlzvc2eN6JxGoNhWN19WQcNE7EAY8/FWQiCSbIr0\nMK2npjN+zGyW5xzGoahQOtLpjevYOMQ83VSR4PsC6wRv/77KxibO2s1As1QCaF+q\nw+UAAAc46Eb+4ehG/uEAAAAHc3NoLXJzYQAAAgEAv6i8UVClDN/tJxSmB7Em5GZ5\naXpBHeBO9MropIqE6BSGuZUUSGi4It0vg9EPiCjOpbuI5AkzGP4Hw88vXpi5dPME\naF475U/mivv9xO9Z89vuNpyS1UX+WF4EsJ8W2hPzC1wrHAFr7Nu5py4rIq2ADJ7N\nWB4DUAShSwy+jYW9VCrH2mM80xWqCJkgyrMKformqw3LAanGkNpF9fenGkycl2lc\nwu/192plmPPUajFdeDrkrb1fn0A4w57Jmmi0bHGDbA0/QNtrgT0nZq27is2t/dFi\nKVXCMIeCfSRK8J3kV4DiZ/Vo/yLlj3FWW6BAnJbcqrLm/wuV0L42rGqS8H2AIFHn\ng07MFTxNvpSDRtGeZIVoct8Vw0SZWqtpXXPiHWl2MV2y6oCRLRV1/6mGKZlTL0hr\nE73QtNPTHuXl+vFvu4cWF0JaHzcE7MM47kf1NO4CcsoELvWR154Z7wptOGtaxMLz\nXLQH6ojgZvdMCJis32HqoSd4TSoSQSMCodFah/MDrsJM/qFe9Yrg1sysrK9sBtwB\n2niUq0YYPxUB5WcR3ufezz3uN3aEWhQBXCbeFAk9Zlzvc2eN6JxGoNhWN19WQcNE\n7EAY8/FWQiCSbIr0MK2npjN+zGyW5xzGoahQOtLpjevYOMQ83VSR4PsC6wRv/77K\nxibO2s1As1QCaF+qw+UAAAADAQABAAACAFhMM54+yht5WrfDgo5Opj1ZnJvkj/Vk\nrtuGU9HiY0LMmhkLvpFxdUvSnR5chYxUSIgAMxvjxR/BgPBMFmW9dMuVXjV7HJsT\nyYHEgHBnWQjJDSEp11fcbEZn4j9Au/VydWmJZ+76FK/Ftu13jrXmOvUVgEMVaK9H\nwsthrrRipgwNvY82YwJYm8JkUcAw5ifQdF7f9uPoRKvdc5fTJbAvFYGIMA07IhV/\ndhkWVIkr/wTyFQKaGWCz5LLzB6xUirLfRQ3VuIt3yzp6Yxmh9qIHCh7ChTfH47QZ\n6hsfSks6YsWRgj0kyd+pQxtnusJxvPKnajhWPafIvZey2ltqqhGTsB/niqtN48/D\nmvnZc/6fAkTl4bEdQx6bB7hkkjr7I1VKP2KNRkqPmeDG990ctmIdiiefCwD8J0v/\nP5/zD0ctrKZoCgvfKp3RzqaVwBX+9/gHsTDaBOvE2izkAjByALyNFHLV4hp/XAf5\nH01Y6U8MfP6nWD1uPLmXcWTO/FJTHmy0mymhAWjFYQLegvCqLR9BZeVfoelLjAe+\nAQO+CFMhElU/d8CYwfwbnlYOhe3jR2FNAaxXQYe6L+5tVWfv09CmNiigURSelo6g\nLOpMnQDjpGR4YlZ59EGkf5a31VXxA6Xm9oxdw1T6AL6+y4WajzXArHlz6qqZU2LA\nFUm1e8cyAuzBAAABAGcO3Wi1UHG25HCcsG7/Z23UmL9h/WlEE+Veq3Pli9qBttav\npHY3WchJqeyMAvzLxM6dPYQmQFBM7EA83+87XKlLIZ9hYBtJWntH17DZrygoEGA1\nzGYkGFqek3YA3oFh9XwvwmIgMc4VmMgVGhcjh/k2yZ+NgoOm4AoBnogCklWrbQkf\nE/YFsCFdHUTyhUeZtJ9CwZq3bXlhHI0lBOBZp42jT+HgyfUnKkWJP5VfmdwkYrzT\nQ8HDymCWGCmXD7tvrAC8LVx6P5Bm35oKpWB9FkxHrns8eX2BFDPPIlEi03ZrUJab\nXcKkCKdIS5G+C1vFj3OO5V7UsP73IE/V2fQdUKsAAAEBAORRbuA8JiKpZw6zFh37\nb3FjDKjLNuacigXE7rebhzIUn9lai27TVx5hm3MTXMuuQm3IpahegdYLvxwQywuc\n/j1UCDIRiFxMGa9dmfAz4tjcej8EMLusIzPYpxgHVyguJ3pX6EH+BABYgmZ97yse\nUBLdY9l3jIlUrQII99VdnYp+ExhBRzVRDbWSz0Bm7607wg1lhVysMCEZB7FnFeaT\nq3SnZZsBAi1Ptca+MR1LhbbjXS5XjkIW6tetQErRurX6shnux1hisTNjQG0G76Zd\nvottFJ53o4gVawxbxWSGiRZv6Nsv2E6Q9BndfVUVG2ChkNO+AIvxUm4EDjzi8XRd\nkDUAAAEBANblefpB+6MCTMjw7RvZqcs1cKqz9SwR90yinQj0iLAP/Lvu9uiH6n5c\nmsb7a4+NQnIaS1yfhFuMhW/YcOEreB7th8QL8M1fU93vOQyS9WmPrgVo/wRAoiie\nuvoYXLcP9PFnSBsgatfurVvDw5cnR0uracNuzNGnn/qbjilk28yQcSRGj6iLOE82\n466C9cCuHxBCbrg0DM0iIlgmOdKSesIjEkz0ix69d3vwLsiDMimYKlwvU40Pv5UR\nhxqW9UwpFHGXSYcewF/bBk0ETmpLtn3X/KzbCiAKuG30duxiL5tryaPRbuvvncWi\nwitCaxLvl71+C0rKtYsDNhrdzI6COvEAAAAAAQID\n-----END OPENSSH PRIVATE KEY-----\n",
            "private_key_pem": "-----BEGIN RSA PRIVATE KEY-----\nMIIJKQIBAAKCAgEAv6i8UVClDN/tJxSmB7Em5GZ5aXpBHeBO9MropIqE6BSGuZUU\nSGi4It0vg9EPiCjOpbuI5AkzGP4Hw88vXpi5dPMEaF475U/mivv9xO9Z89vuNpyS\n1UX+WF4EsJ8W2hPzC1wrHAFr7Nu5py4rIq2ADJ7NWB4DUAShSwy+jYW9VCrH2mM8\n0xWqCJkgyrMKformqw3LAanGkNpF9fenGkycl2lcwu/192plmPPUajFdeDrkrb1f\nn0A4w57Jmmi0bHGDbA0/QNtrgT0nZq27is2t/dFiKVXCMIeCfSRK8J3kV4DiZ/Vo\n/yLlj3FWW6BAnJbcqrLm/wuV0L42rGqS8H2AIFHng07MFTxNvpSDRtGeZIVoct8V\nw0SZWqtpXXPiHWl2MV2y6oCRLRV1/6mGKZlTL0hrE73QtNPTHuXl+vFvu4cWF0Ja\nHzcE7MM47kf1NO4CcsoELvWR154Z7wptOGtaxMLzXLQH6ojgZvdMCJis32HqoSd4\nTSoSQSMCodFah/MDrsJM/qFe9Yrg1sysrK9sBtwB2niUq0YYPxUB5WcR3ufezz3u\nN3aEWhQBXCbeFAk9Zlzvc2eN6JxGoNhWN19WQcNE7EAY8/FWQiCSbIr0MK2npjN+\nzGyW5xzGoahQOtLpjevYOMQ83VSR4PsC6wRv/77KxibO2s1As1QCaF+qw+UCAwEA\nAQKCAgBYTDOePsobeVq3w4KOTqY9WZyb5I/1ZK7bhlPR4mNCzJoZC76RcXVL0p0e\nXIWMVEiIADMb48UfwYDwTBZlvXTLlV41exybE8mBxIBwZ1kIyQ0hKddX3GxGZ+I/\nQLv1cnVpiWfu+hSvxbbtd4615jr1FYBDFWivR8LLYa60YqYMDb2PNmMCWJvCZFHA\nMOYn0HRe3/bj6ESr3XOX0yWwLxWBiDANOyIVf3YZFlSJK/8E8hUCmhlgs+Sy8wes\nVIqy30UN1biLd8s6emMZofaiBwoewoU3x+O0GeobH0pLOmLFkYI9JMnfqUMbZ7rC\ncbzyp2o4Vj2nyL2XstpbaqoRk7Af54qrTePPw5r52XP+nwJE5eGxHUMemwe4ZJI6\n+yNVSj9ijUZKj5ngxvfdHLZiHYonnwsA/CdL/z+f8w9HLaymaAoL3yqd0c6mlcAV\n/vf4B7Ew2gTrxNos5AIwcgC8jRRy1eIaf1wH+R9NWOlPDHz+p1g9bjy5l3FkzvxS\nUx5stJspoQFoxWEC3oLwqi0fQWXlX6HpS4wHvgEDvghTIRJVP3fAmMH8G55WDoXt\n40dhTQGsV0GHui/ubVVn79PQpjYooFEUnpaOoCzqTJ0A46RkeGJWefRBpH+Wt9VV\n8QOl5vaMXcNU+gC+vsuFmo81wKx5c+qqmVNiwBVJtXvHMgLswQKCAQEA5FFu4Dwm\nIqlnDrMWHftvcWMMqMs25pyKBcTut5uHMhSf2VqLbtNXHmGbcxNcy65CbcilqF6B\n1gu/HBDLC5z+PVQIMhGIXEwZr12Z8DPi2Nx6PwQwu6wjM9inGAdXKC4nelfoQf4E\nAFiCZn3vKx5QEt1j2XeMiVStAgj31V2din4TGEFHNVENtZLPQGbvrTvCDWWFXKww\nIRkHsWcV5pOrdKdlmwECLU+1xr4xHUuFtuNdLleOQhbq161AStG6tfqyGe7HWGKx\nM2NAbQbvpl2+i20UnnejiBVrDFvFZIaJFm/o2y/YTpD0Gd19VRUbYKGQ074Ai/FS\nbgQOPOLxdF2QNQKCAQEA1uV5+kH7owJMyPDtG9mpyzVwqrP1LBH3TKKdCPSIsA/8\nu+726Ifqflyaxvtrj41CchpLXJ+EW4yFb9hw4St4Hu2HxAvwzV9T3e85DJL1aY+u\nBWj/BECiKJ66+hhctw/08WdIGyBq1+6tW8PDlydHS6tpw27M0aef+puOKWTbzJBx\nJEaPqIs4TzbjroL1wK4fEEJuuDQMzSIiWCY50pJ6wiMSTPSLHr13e/AuyIMyKZgq\nXC9TjQ+/lRGHGpb1TCkUcZdJhx7AX9sGTQROaku2fdf8rNsKIAq4bfR27GIvm2vJ\no9Fu6++dxaLCK0JrEu+XvX4LSsq1iwM2Gt3MjoI68QKCAQEAwFrTHNvQDTfHeZzr\nr0rcMx0N10+N63BK4F1v+QRxPIIfwhEEk9Q9+3ykaKkRbxBbKv72gglNPbYbxltn\nlVso3yZi2TvoNEpxAUvMm5A7OBVYcKrpG9QEvHN1I0tb5KAt5mcVaDPHzzrCcfL7\ngspBEAOxUc/kePb741EG6525UqqxD6g/g+3LrQQI0+tlVf+Yl4zGdLMkwV3DG3UM\nAHy84MT/Vz3cRax4Kv6lhlbQSqr3IEnnskp4hEiUd/SGZzbUwgBntlE/lVmzN6e2\nU+V62SCHVJLbFZVl4L2Yaf7mlB6ogbGnfVmmLfxq0Tm9HQZBbAMRltUzazjDfgx8\n/FqvWQKCAQEAgN5KQKYzBfUKIPJB7pKf/QmGEAgs/YmkmKNnsogaNCLSN8086gMf\nvzk/ZBY/0W0vrIdSLDBIyjHBj2nnf1B3D2z4HrveYvpIq+2ac4zpeK09+WaWj3FH\nDT7q97GGYA1EoUODfSj6iZVLBp2l/E4Etj8MBLO8RfnUuQ9xuCcQnGL+Rne+DJ+4\nW+CZtvw37Z09aZ29Ed+80YMnv17lC/7leOhZQCbiCsQqE/vbwkjS2xiyRmfnHc+U\n3wsMzwg5/7se1GOaJ1psmM8avzLW522R+XN9xhbwwnhLUzzn2CelTvnbiM6+SuR9\n45gQAqso1MkzYOJmWSqopb1+Q6xA0DEOsQKCAQBnDt1otVBxtuRwnLBu/2dt1Ji/\nYf1pRBPlXqtz5YvagbbWr6R2N1nISansjAL8y8TOnT2EJkBQTOxAPN/vO1ypSyGf\nYWAbSVp7R9ew2a8oKBBgNcxmJBhanpN2AN6BYfV8L8JiIDHOFZjIFRoXI4f5Nsmf\njYKDpuAKAZ6IApJVq20JHxP2BbAhXR1E8oVHmbSfQsGat215YRyNJQTgWaeNo0/h\n4Mn1JypFiT+VX5ncJGK800PBw8pglhgplw+7b6wAvC1cej+QZt+aCqVgfRZMR657\nPHl9gRQzzyJRItN2a1CWm13CpAinSEuRvgtbxY9zjuVe1LD+9yBP1dn0HVCr\n-----END RSA PRIVATE KEY-----\n",
            "private_key_pem_pkcs8": "-----BEGIN PRIVATE KEY-----\nMIIJQwIBADANBgkqhkiG9w0BAQEFAASCCS0wggkpAgEAAoICAQC/qLxRUKUM3+0n\nFKYHsSbkZnlpekEd4E70yuikioToFIa5lRRIaLgi3S+D0Q+IKM6lu4jkCTMY/gfD\nzy9emLl08wRoXjvlT+aK+/3E71nz2+42nJLVRf5YXgSwnxbaE/MLXCscAWvs27mn\nLisirYAMns1YHgNQBKFLDL6Nhb1UKsfaYzzTFaoImSDKswp+iuarDcsBqcaQ2kX1\n96caTJyXaVzC7/X3amWY89RqMV14OuStvV+fQDjDnsmaaLRscYNsDT9A22uBPSdm\nrbuKza390WIpVcIwh4J9JErwneRXgOJn9Wj/IuWPcVZboECcltyqsub/C5XQvjas\napLwfYAgUeeDTswVPE2+lING0Z5khWhy3xXDRJlaq2ldc+IdaXYxXbLqgJEtFXX/\nqYYpmVMvSGsTvdC009Me5eX68W+7hxYXQlofNwTswzjuR/U07gJyygQu9ZHXnhnv\nCm04a1rEwvNctAfqiOBm90wImKzfYeqhJ3hNKhJBIwKh0VqH8wOuwkz+oV71iuDW\nzKysr2wG3AHaeJSrRhg/FQHlZxHe597PPe43doRaFAFcJt4UCT1mXO9zZ43onEag\n2FY3X1ZBw0TsQBjz8VZCIJJsivQwraemM37MbJbnHMahqFA60umN69g4xDzdVJHg\n+wLrBG//vsrGJs7azUCzVAJoX6rD5QIDAQABAoICAFhMM54+yht5WrfDgo5Opj1Z\nnJvkj/VkrtuGU9HiY0LMmhkLvpFxdUvSnR5chYxUSIgAMxvjxR/BgPBMFmW9dMuV\nXjV7HJsTyYHEgHBnWQjJDSEp11fcbEZn4j9Au/VydWmJZ+76FK/Ftu13jrXmOvUV\ngEMVaK9HwsthrrRipgwNvY82YwJYm8JkUcAw5ifQdF7f9uPoRKvdc5fTJbAvFYGI\nMA07IhV/dhkWVIkr/wTyFQKaGWCz5LLzB6xUirLfRQ3VuIt3yzp6Yxmh9qIHCh7C\nhTfH47QZ6hsfSks6YsWRgj0kyd+pQxtnusJxvPKnajhWPafIvZey2ltqqhGTsB/n\niqtN48/DmvnZc/6fAkTl4bEdQx6bB7hkkjr7I1VKP2KNRkqPmeDG990ctmIdiief\nCwD8J0v/P5/zD0ctrKZoCgvfKp3RzqaVwBX+9/gHsTDaBOvE2izkAjByALyNFHLV\n4hp/XAf5H01Y6U8MfP6nWD1uPLmXcWTO/FJTHmy0mymhAWjFYQLegvCqLR9BZeVf\noelLjAe+AQO+CFMhElU/d8CYwfwbnlYOhe3jR2FNAaxXQYe6L+5tVWfv09CmNiig\nURSelo6gLOpMnQDjpGR4YlZ59EGkf5a31VXxA6Xm9oxdw1T6AL6+y4WajzXArHlz\n6qqZU2LAFUm1e8cyAuzBAoIBAQDkUW7gPCYiqWcOsxYd+29xYwyoyzbmnIoFxO63\nm4cyFJ/ZWotu01ceYZtzE1zLrkJtyKWoXoHWC78cEMsLnP49VAgyEYhcTBmvXZnw\nM+LY3Ho/BDC7rCMz2KcYB1coLid6V+hB/gQAWIJmfe8rHlAS3WPZd4yJVK0CCPfV\nXZ2KfhMYQUc1UQ21ks9AZu+tO8INZYVcrDAhGQexZxXmk6t0p2WbAQItT7XGvjEd\nS4W2410uV45CFurXrUBK0bq1+rIZ7sdYYrEzY0BtBu+mXb6LbRSed6OIFWsMW8Vk\nhokWb+jbL9hOkPQZ3X1VFRtgoZDTvgCL8VJuBA484vF0XZA1AoIBAQDW5Xn6Qfuj\nAkzI8O0b2anLNXCqs/UsEfdMop0I9IiwD/y77vboh+p+XJrG+2uPjUJyGktcn4Rb\njIVv2HDhK3ge7YfEC/DNX1Pd7zkMkvVpj64FaP8EQKIonrr6GFy3D/TxZ0gbIGrX\n7q1bw8OXJ0dLq2nDbszRp5/6m44pZNvMkHEkRo+oizhPNuOugvXArh8QQm64NAzN\nIiJYJjnSknrCIxJM9IsevXd78C7IgzIpmCpcL1OND7+VEYcalvVMKRRxl0mHHsBf\n2wZNBE5qS7Z91/ys2wogCrht9HbsYi+ba8mj0W7r753FosIrQmsS75e9fgtKyrWL\nAzYa3cyOgjrxAoIBAQDAWtMc29ANN8d5nOuvStwzHQ3XT43rcErgXW/5BHE8gh/C\nEQST1D37fKRoqRFvEFsq/vaCCU09thvGW2eVWyjfJmLZO+g0SnEBS8ybkDs4FVhw\nqukb1AS8c3UjS1vkoC3mZxVoM8fPOsJx8vuCykEQA7FRz+R49vvjUQbrnblSqrEP\nqD+D7cutBAjT62VV/5iXjMZ0syTBXcMbdQwAfLzgxP9XPdxFrHgq/qWGVtBKqvcg\nSeeySniESJR39IZnNtTCAGe2UT+VWbM3p7ZT5XrZIIdUktsVlWXgvZhp/uaUHqiB\nsad9WaYt/GrROb0dBkFsAxGW1TNrOMN+DHz8Wq9ZAoIBAQCA3kpApjMF9Qog8kHu\nkp/9CYYQCCz9iaSYo2eyiBo0ItI3zTzqAx+/OT9kFj/RbS+sh1IsMEjKMcGPaed/\nUHcPbPgeu95i+kir7ZpzjOl4rT35ZpaPcUcNPur3sYZgDUShQ4N9KPqJlUsGnaX8\nTgS2PwwEs7xF+dS5D3G4JxCcYv5Gd74Mn7hb4Jm2/DftnT1pnb0R37zRgye/XuUL\n/uV46FlAJuIKxCoT+9vCSNLbGLJGZ+cdz5TfCwzPCDn/ux7UY5onWmyYzxq/Mtbn\nbZH5c33GFvDCeEtTPOfYJ6VO+duIzr5K5H3jmBACqyjUyTNg4mZZKqilvX5DrEDQ\nMQ6xAoIBAGcO3Wi1UHG25HCcsG7/Z23UmL9h/WlEE+Veq3Pli9qBttavpHY3WchJ\nqeyMAvzLxM6dPYQmQFBM7EA83+87XKlLIZ9hYBtJWntH17DZrygoEGA1zGYkGFqe\nk3YA3oFh9XwvwmIgMc4VmMgVGhcjh/k2yZ+NgoOm4AoBnogCklWrbQkfE/YFsCFd\nHUTyhUeZtJ9CwZq3bXlhHI0lBOBZp42jT+HgyfUnKkWJP5VfmdwkYrzTQ8HDymCW\nGCmXD7tvrAC8LVx6P5Bm35oKpWB9FkxHrns8eX2BFDPPIlEi03ZrUJabXcKkCKdI\nS5G+C1vFj3OO5V7UsP73IE/V2fQdUKs=\n-----END PRIVATE KEY-----\n",
            "public_key_fingerprint_md5": "d4:7d:16:0b:40:a8:9a:eb:fa:71:7f:cb:cb:16:20:1a",
            "public_key_fingerprint_sha256": "SHA256:xXblufW8vT6bI6YQMqBUyrDz+cuxckJoH+NaQ7HR45A",
            "public_key_openssh": "ssh-rsa AAAAB3NzaC1yc2EAAAADAQABAAACAQC/qLxRUKUM3+0nFKYHsSbkZnlpekEd4E70yuikioToFIa5lRRIaLgi3S+D0Q+IKM6lu4jkCTMY/gfDzy9emLl08wRoXjvlT+aK+/3E71nz2+42nJLVRf5YXgSwnxbaE/MLXCscAWvs27mnLisirYAMns1YHgNQBKFLDL6Nhb1UKsfaYzzTFaoImSDKswp+iuarDcsBqcaQ2kX196caTJyXaVzC7/X3amWY89RqMV14OuStvV+fQDjDnsmaaLRscYNsDT9A22uBPSdmrbuKza390WIpVcIwh4J9JErwneRXgOJn9Wj/IuWPcVZboECcltyqsub/C5XQvjasapLwfYAgUeeDTswVPE2+lING0Z5khWhy3xXDRJlaq2ldc+IdaXYxXbLqgJEtFXX/qYYpmVMvSGsTvdC009Me5eX68W+7hxYXQlofNwTswzjuR/U07gJyygQu9ZHXnhnvCm04a1rEwvNctAfqiOBm90wImKzfYeqhJ3hNKhJBIwKh0VqH8wOuwkz+oV71iuDWzKysr2wG3AHaeJSrRhg/FQHlZxHe597PPe43doRaFAFcJt4UCT1mXO9zZ43onEag2FY3X1ZBw0TsQBjz8VZCIJJsivQwraemM37MbJbnHMahqFA60umN69g4xDzdVJHg+wLrBG//vsrGJs7azUCzVAJoX6rD5Q==\n",
            "public_key_pem": "-----BEGIN PUBLIC KEY-----\nMIICIjANBgkqhkiG9w0BAQEFAAOCAg8AMIICCgKCAgEAv6i8UVClDN/tJxSmB7Em\n5GZ5aXpBHeBO9MropIqE6BSGuZUUSGi4It0vg9EPiCjOpbuI5AkzGP4Hw88vXpi5\ndPMEaF475U/mivv9xO9Z89vuNpyS1UX+WF4EsJ8W2hPzC1wrHAFr7Nu5py4rIq2A\nDJ7NWB4DUAShSwy+jYW9VCrH2mM80xWqCJkgyrMKformqw3LAanGkNpF9fenGkyc\nl2lcwu/192plmPPUajFdeDrkrb1fn0A4w57Jmmi0bHGDbA0/QNtrgT0nZq27is2t\n/dFiKVXCMIeCfSRK8J3kV4DiZ/Vo/yLlj3FWW6BAnJbcqrLm/wuV0L42rGqS8H2A\nIFHng07MFTxNvpSDRtGeZIVoct8Vw0SZWqtpXXPiHWl2MV2y6oCRLRV1/6mGKZlT\nL0hrE73QtNPTHuXl+vFvu4cWF0JaHzcE7MM47kf1NO4CcsoELvWR154Z7wptOGta\nxMLzXLQH6ojgZvdMCJis32HqoSd4TSoSQSMCodFah/MDrsJM/qFe9Yrg1sysrK9s\nBtwB2niUq0YYPxUB5WcR3ufezz3uN3aEWhQBXCbeFAk9Zlzvc2eN6JxGoNhWN19W\nQcNE7EAY8/FWQiCSbIr0MK2npjN+zGyW5xzGoahQOtLpjevYOMQ83VSR4PsC6wRv\n/77KxibO2s1As1QCaF+qw+UCAwEAAQ==\n-----END PUBLIC KEY-----\n",
            "rsa_bits": 4096
          },
          "sensitive_attributes": [
            [
              {
                "type": "get_attr",
                "value": "private_key_pem"
              }
            ],
            [
              {
                "type": "get_attr",
                "value": "private_key_pem_pkcs8"
              }
            ],
            [
              {
                "type": "get_attr",
                "value": "private_key_openssh"
              }
            ]
          ]
        }
      ]
    },
    {
      "module": "module.vpc",
      "mode": "managed",
      "type": "aws_eip",
      "name": "nat",
      "provider": "provider[\"registry.terraform.io/hashicorp/aws\"]",
      "instances": [
        {
          "schema_version": 0,
          "attributes": {
            "address": null,
            "allocation_id": "eipalloc-0b649738293ae69cd",
            "arn": "arn:aws:ec2:ap-southeast-2:236983045839:elastic-ip/eipalloc-0b649738293ae69cd",
            "associate_with_private_ip": null,
            "association_id": "eipassoc-08b2edf294ca82f47",
            "carrier_ip": "",
            "customer_owned_ip": "",
            "customer_owned_ipv4_pool": "",
            "domain": "vpc",
            "id": "eipalloc-0b649738293ae69cd",
            "instance": "",
            "network_border_group": "ap-southeast-2",
            "network_interface": "eni-00ab33100b173b586",
            "private_dns": "ip-10-0-4-86.ap-southeast-2.compute.internal",
            "private_ip": "10.0.4.86",
            "ptr_record": "",
            "public_dns": "ec2-13-210-17-110.ap-southeast-2.compute.amazonaws.com",
            "public_ip": "13.210.17.110",
            "public_ipv4_pool": "amazon",
            "tags": {},
            "tags_all": {},
            "timeouts": null,
            "vpc": true
          },
          "sensitive_attributes": [],
          "private": "eyJlMmJmYjczMC1lY2FhLTExZTYtOGY4OC0zNDM2M2JjN2M0YzAiOnsiZGVsZXRlIjoxODAwMDAwMDAwMDAsInJlYWQiOjkwMDAwMDAwMDAwMCwidXBkYXRlIjozMDAwMDAwMDAwMDB9fQ=="
        }
      ]
    },
    {
      "module": "module.vpc",
      "mode": "managed",
      "type": "aws_internet_gateway",
      "name": "ig",
      "provider": "provider[\"registry.terraform.io/hashicorp/aws\"]",
      "instances": [
        {
          "schema_version": 0,
          "attributes": {
            "arn": "arn:aws:ec2:ap-southeast-2:236983045839:internet-gateway/igw-0d651f68e57e2d03d",
            "id": "igw-0d651f68e57e2d03d",
            "owner_id": "236983045839",
            "tags": {
              "Name": "ig"
            },
            "tags_all": {
              "Name": "ig"
            },
            "timeouts": null,
            "vpc_id": "vpc-01a377318dbab858e"
          },
          "sensitive_attributes": [],
          "private": "eyJlMmJmYjczMC1lY2FhLTExZTYtOGY4OC0zNDM2M2JjN2M0YzAiOnsiY3JlYXRlIjoxMjAwMDAwMDAwMDAwLCJkZWxldGUiOjEyMDAwMDAwMDAwMDAsInVwZGF0ZSI6MTIwMDAwMDAwMDAwMH19",
          "dependencies": [
            "module.vpc.aws_vpc.vpc"
          ]
        }
      ]
    },
    {
      "module": "module.vpc",
      "mode": "managed",
      "type": "aws_nat_gateway",
      "name": "public",
      "provider": "provider[\"registry.terraform.io/hashicorp/aws\"]",
      "instances": [
        {
          "schema_version": 0,
          "attributes": {
            "allocation_id": "eipalloc-0b649738293ae69cd",
            "association_id": "eipassoc-08b2edf294ca82f47",
            "connectivity_type": "public",
            "id": "nat-0b7e1a16702410cdc",
            "network_interface_id": "eni-00ab33100b173b586",
            "private_ip": "10.0.4.86",
            "public_ip": "13.210.17.110",
            "secondary_allocation_ids": [],
            "secondary_private_ip_address_count": 0,
            "secondary_private_ip_addresses": [],
            "subnet_id": "subnet-022ec972a3b04de5f",
            "tags": {
              "Name": "public Nat"
            },
            "tags_all": {
              "Name": "public Nat"
            },
            "timeouts": null
          },
          "sensitive_attributes": [],
          "private": "eyJlMmJmYjczMC1lY2FhLTExZTYtOGY4OC0zNDM2M2JjN2M0YzAiOnsiY3JlYXRlIjo2MDAwMDAwMDAwMDAsImRlbGV0ZSI6MTgwMDAwMDAwMDAwMCwidXBkYXRlIjo2MDAwMDAwMDAwMDB9fQ==",
          "dependencies": [
            "module.vpc.aws_eip.nat",
            "module.vpc.aws_internet_gateway.ig",
            "module.vpc.aws_subnet.public_subnet",
            "module.vpc.aws_vpc.vpc"
          ]
        }
      ]
    },
    {
      "module": "module.vpc",
      "mode": "managed",
      "type": "aws_route_table",
      "name": "private",
      "provider": "provider[\"registry.terraform.io/hashicorp/aws\"]",
      "instances": [
        {
          "schema_version": 0,
          "attributes": {
            "arn": "arn:aws:ec2:ap-southeast-2:236983045839:route-table/rtb-091fe54dd439115d2",
            "id": "rtb-091fe54dd439115d2",
            "owner_id": "236983045839",
            "propagating_vgws": [],
            "route": [
              {
                "carrier_gateway_id": "",
                "cidr_block": "0.0.0.0/0",
                "core_network_arn": "",
                "destination_prefix_list_id": "",
                "egress_only_gateway_id": "",
                "gateway_id": "nat-0b7e1a16702410cdc",
                "ipv6_cidr_block": "",
                "local_gateway_id": "",
                "nat_gateway_id": "",
                "network_interface_id": "",
                "transit_gateway_id": "",
                "vpc_endpoint_id": "",
                "vpc_peering_connection_id": ""
              }
            ],
            "tags": {
              "Name": "private"
            },
            "tags_all": {
              "Name": "private"
            },
            "timeouts": null,
            "vpc_id": "vpc-01a377318dbab858e"
          },
          "sensitive_attributes": [],
          "private": "eyJlMmJmYjczMC1lY2FhLTExZTYtOGY4OC0zNDM2M2JjN2M0YzAiOnsiY3JlYXRlIjozMDAwMDAwMDAwMDAsImRlbGV0ZSI6MzAwMDAwMDAwMDAwLCJ1cGRhdGUiOjEyMDAwMDAwMDAwMH19",
          "dependencies": [
            "module.vpc.aws_eip.nat",
            "module.vpc.aws_internet_gateway.ig",
            "module.vpc.aws_nat_gateway.public",
            "module.vpc.aws_subnet.public_subnet",
            "module.vpc.aws_vpc.vpc"
          ]
        }
      ]
    },
    {
      "module": "module.vpc",
      "mode": "managed",
      "type": "aws_route_table",
      "name": "public",
      "provider": "provider[\"registry.terraform.io/hashicorp/aws\"]",
      "instances": [
        {
          "schema_version": 0,
          "attributes": {
            "arn": "arn:aws:ec2:ap-southeast-2:236983045839:route-table/rtb-08d313a6915f21008",
            "id": "rtb-08d313a6915f21008",
            "owner_id": "236983045839",
            "propagating_vgws": [],
            "route": [
              {
                "carrier_gateway_id": "",
                "cidr_block": "0.0.0.0/0",
                "core_network_arn": "",
                "destination_prefix_list_id": "",
                "egress_only_gateway_id": "",
                "gateway_id": "igw-0d651f68e57e2d03d",
                "ipv6_cidr_block": "",
                "local_gateway_id": "",
                "nat_gateway_id": "",
                "network_interface_id": "",
                "transit_gateway_id": "",
                "vpc_endpoint_id": "",
                "vpc_peering_connection_id": ""
              }
            ],
            "tags": {
              "Name": "public"
            },
            "tags_all": {
              "Name": "public"
            },
            "timeouts": null,
            "vpc_id": "vpc-01a377318dbab858e"
          },
          "sensitive_attributes": [],
          "private": "eyJlMmJmYjczMC1lY2FhLTExZTYtOGY4OC0zNDM2M2JjN2M0YzAiOnsiY3JlYXRlIjozMDAwMDAwMDAwMDAsImRlbGV0ZSI6MzAwMDAwMDAwMDAwLCJ1cGRhdGUiOjEyMDAwMDAwMDAwMH19",
          "dependencies": [
            "module.vpc.aws_internet_gateway.ig",
            "module.vpc.aws_vpc.vpc"
          ]
        }
      ]
    },
    {
      "module": "module.vpc",
      "mode": "managed",
      "type": "aws_route_table_association",
      "name": "public_association",
      "provider": "provider[\"registry.terraform.io/hashicorp/aws\"]",
      "instances": [
        {
          "index_key": "0",
          "schema_version": 0,
          "attributes": {
            "gateway_id": "",
            "id": "rtbassoc-044782f4bd4562355",
            "route_table_id": "rtb-08d313a6915f21008",
            "subnet_id": "subnet-022ec972a3b04de5f",
            "timeouts": null
          },
          "sensitive_attributes": [],
          "private": "eyJlMmJmYjczMC1lY2FhLTExZTYtOGY4OC0zNDM2M2JjN2M0YzAiOnsiY3JlYXRlIjozMDAwMDAwMDAwMDAsImRlbGV0ZSI6MzAwMDAwMDAwMDAwLCJ1cGRhdGUiOjEyMDAwMDAwMDAwMH19",
          "dependencies": [
            "module.vpc.aws_internet_gateway.ig",
            "module.vpc.aws_route_table.public",
            "module.vpc.aws_subnet.public_subnet",
            "module.vpc.aws_vpc.vpc"
          ]
        },
        {
          "index_key": "1",
          "schema_version": 0,
          "attributes": {
            "gateway_id": "",
            "id": "rtbassoc-09d89895a0ac01419",
            "route_table_id": "rtb-08d313a6915f21008",
            "subnet_id": "subnet-0bac75f4276362f2b",
            "timeouts": null
          },
          "sensitive_attributes": [],
          "private": "eyJlMmJmYjczMC1lY2FhLTExZTYtOGY4OC0zNDM2M2JjN2M0YzAiOnsiY3JlYXRlIjozMDAwMDAwMDAwMDAsImRlbGV0ZSI6MzAwMDAwMDAwMDAwLCJ1cGRhdGUiOjEyMDAwMDAwMDAwMH19",
          "dependencies": [
            "module.vpc.aws_internet_gateway.ig",
            "module.vpc.aws_route_table.public",
            "module.vpc.aws_subnet.public_subnet",
            "module.vpc.aws_vpc.vpc"
          ]
        },
        {
          "index_key": "2",
          "schema_version": 0,
          "attributes": {
            "gateway_id": "",
            "id": "rtbassoc-03dad919d1d0ac9d3",
            "route_table_id": "rtb-08d313a6915f21008",
            "subnet_id": "subnet-026c6d8e9385d6cc3",
            "timeouts": null
          },
          "sensitive_attributes": [],
          "private": "eyJlMmJmYjczMC1lY2FhLTExZTYtOGY4OC0zNDM2M2JjN2M0YzAiOnsiY3JlYXRlIjozMDAwMDAwMDAwMDAsImRlbGV0ZSI6MzAwMDAwMDAwMDAwLCJ1cGRhdGUiOjEyMDAwMDAwMDAwMH19",
          "dependencies": [
            "module.vpc.aws_internet_gateway.ig",
            "module.vpc.aws_route_table.public",
            "module.vpc.aws_subnet.public_subnet",
            "module.vpc.aws_vpc.vpc"
          ]
        }
      ]
    },
    {
      "module": "module.vpc",
      "mode": "managed",
      "type": "aws_route_table_association",
      "name": "public_private",
      "provider": "provider[\"registry.terraform.io/hashicorp/aws\"]",
      "instances": [
        {
          "index_key": "0",
          "schema_version": 0,
          "attributes": {
            "gateway_id": "",
            "id": "rtbassoc-0fc9a2ce281fe45eb",
            "route_table_id": "rtb-091fe54dd439115d2",
            "subnet_id": "subnet-057589875daf1a69f",
            "timeouts": null
          },
          "sensitive_attributes": [],
          "private": "eyJlMmJmYjczMC1lY2FhLTExZTYtOGY4OC0zNDM2M2JjN2M0YzAiOnsiY3JlYXRlIjozMDAwMDAwMDAwMDAsImRlbGV0ZSI6MzAwMDAwMDAwMDAwLCJ1cGRhdGUiOjEyMDAwMDAwMDAwMH19",
          "dependencies": [
            "module.vpc.aws_eip.nat",
            "module.vpc.aws_internet_gateway.ig",
            "module.vpc.aws_nat_gateway.public",
            "module.vpc.aws_route_table.private",
            "module.vpc.aws_subnet.private_subnet",
            "module.vpc.aws_subnet.public_subnet",
            "module.vpc.aws_vpc.vpc"
          ]
        },
        {
          "index_key": "1",
          "schema_version": 0,
          "attributes": {
            "gateway_id": "",
            "id": "rtbassoc-044fbed3cb2a62bf4",
            "route_table_id": "rtb-091fe54dd439115d2",
            "subnet_id": "subnet-0d1ef1c96eb24637c",
            "timeouts": null
          },
          "sensitive_attributes": [],
          "private": "eyJlMmJmYjczMC1lY2FhLTExZTYtOGY4OC0zNDM2M2JjN2M0YzAiOnsiY3JlYXRlIjozMDAwMDAwMDAwMDAsImRlbGV0ZSI6MzAwMDAwMDAwMDAwLCJ1cGRhdGUiOjEyMDAwMDAwMDAwMH19",
          "dependencies": [
            "module.vpc.aws_eip.nat",
            "module.vpc.aws_internet_gateway.ig",
            "module.vpc.aws_nat_gateway.public",
            "module.vpc.aws_route_table.private",
            "module.vpc.aws_subnet.private_subnet",
            "module.vpc.aws_subnet.public_subnet",
            "module.vpc.aws_vpc.vpc"
          ]
        },
        {
          "index_key": "2",
          "schema_version": 0,
          "attributes": {
            "gateway_id": "",
            "id": "rtbassoc-00a6268126ae38fde",
            "route_table_id": "rtb-091fe54dd439115d2",
            "subnet_id": "subnet-0e75515a13c5216ff",
            "timeouts": null
          },
          "sensitive_attributes": [],
          "private": "eyJlMmJmYjczMC1lY2FhLTExZTYtOGY4OC0zNDM2M2JjN2M0YzAiOnsiY3JlYXRlIjozMDAwMDAwMDAwMDAsImRlbGV0ZSI6MzAwMDAwMDAwMDAwLCJ1cGRhdGUiOjEyMDAwMDAwMDAwMH19",
          "dependencies": [
            "module.vpc.aws_eip.nat",
            "module.vpc.aws_internet_gateway.ig",
            "module.vpc.aws_nat_gateway.public",
            "module.vpc.aws_route_table.private",
            "module.vpc.aws_subnet.private_subnet",
            "module.vpc.aws_subnet.public_subnet",
            "module.vpc.aws_vpc.vpc"
          ]
        }
      ]
    },
    {
      "module": "module.vpc",
      "mode": "managed",
      "type": "aws_subnet",
      "name": "private_subnet",
      "provider": "provider[\"registry.terraform.io/hashicorp/aws\"]",
      "instances": [
        {
          "index_key": 0,
          "schema_version": 1,
          "attributes": {
            "arn": "arn:aws:ec2:ap-southeast-2:236983045839:subnet/subnet-057589875daf1a69f",
            "assign_ipv6_address_on_creation": false,
            "availability_zone": "ap-southeast-2a",
            "availability_zone_id": "apse2-az3",
            "cidr_block": "10.0.1.0/24",
            "customer_owned_ipv4_pool": "",
            "enable_dns64": false,
            "enable_lni_at_device_index": 0,
            "enable_resource_name_dns_a_record_on_launch": false,
            "enable_resource_name_dns_aaaa_record_on_launch": false,
            "id": "subnet-057589875daf1a69f",
            "ipv6_cidr_block": "",
            "ipv6_cidr_block_association_id": "",
            "ipv6_native": false,
            "map_customer_owned_ip_on_launch": false,
            "map_public_ip_on_launch": false,
            "outpost_arn": "",
            "owner_id": "236983045839",
            "private_dns_hostname_type_on_launch": "ip-name",
            "tags": {
              "Name": "private_subnet_0"
            },
            "tags_all": {
              "Name": "private_subnet_0"
            },
            "timeouts": null,
            "vpc_id": "vpc-01a377318dbab858e"
          },
          "sensitive_attributes": [],
          "private": "eyJlMmJmYjczMC1lY2FhLTExZTYtOGY4OC0zNDM2M2JjN2M0YzAiOnsiY3JlYXRlIjo2MDAwMDAwMDAwMDAsImRlbGV0ZSI6MTIwMDAwMDAwMDAwMH0sInNjaGVtYV92ZXJzaW9uIjoiMSJ9",
          "dependencies": [
            "module.vpc.aws_vpc.vpc"
          ]
        },
        {
          "index_key": 1,
          "schema_version": 1,
          "attributes": {
            "arn": "arn:aws:ec2:ap-southeast-2:236983045839:subnet/subnet-0d1ef1c96eb24637c",
            "assign_ipv6_address_on_creation": false,
            "availability_zone": "ap-southeast-2b",
            "availability_zone_id": "apse2-az1",
            "cidr_block": "10.0.2.0/24",
            "customer_owned_ipv4_pool": "",
            "enable_dns64": false,
            "enable_lni_at_device_index": 0,
            "enable_resource_name_dns_a_record_on_launch": false,
            "enable_resource_name_dns_aaaa_record_on_launch": false,
            "id": "subnet-0d1ef1c96eb24637c",
            "ipv6_cidr_block": "",
            "ipv6_cidr_block_association_id": "",
            "ipv6_native": false,
            "map_customer_owned_ip_on_launch": false,
            "map_public_ip_on_launch": false,
            "outpost_arn": "",
            "owner_id": "236983045839",
            "private_dns_hostname_type_on_launch": "ip-name",
            "tags": {
              "Name": "private_subnet_1"
            },
            "tags_all": {
              "Name": "private_subnet_1"
            },
            "timeouts": null,
            "vpc_id": "vpc-01a377318dbab858e"
          },
          "sensitive_attributes": [],
          "private": "eyJlMmJmYjczMC1lY2FhLTExZTYtOGY4OC0zNDM2M2JjN2M0YzAiOnsiY3JlYXRlIjo2MDAwMDAwMDAwMDAsImRlbGV0ZSI6MTIwMDAwMDAwMDAwMH0sInNjaGVtYV92ZXJzaW9uIjoiMSJ9",
          "dependencies": [
            "module.vpc.aws_vpc.vpc"
          ]
        },
        {
          "index_key": 2,
          "schema_version": 1,
          "attributes": {
            "arn": "arn:aws:ec2:ap-southeast-2:236983045839:subnet/subnet-0e75515a13c5216ff",
            "assign_ipv6_address_on_creation": false,
            "availability_zone": "ap-southeast-2c",
            "availability_zone_id": "apse2-az2",
            "cidr_block": "10.0.3.0/24",
            "customer_owned_ipv4_pool": "",
            "enable_dns64": false,
            "enable_lni_at_device_index": 0,
            "enable_resource_name_dns_a_record_on_launch": false,
            "enable_resource_name_dns_aaaa_record_on_launch": false,
            "id": "subnet-0e75515a13c5216ff",
            "ipv6_cidr_block": "",
            "ipv6_cidr_block_association_id": "",
            "ipv6_native": false,
            "map_customer_owned_ip_on_launch": false,
            "map_public_ip_on_launch": false,
            "outpost_arn": "",
            "owner_id": "236983045839",
            "private_dns_hostname_type_on_launch": "ip-name",
            "tags": {
              "Name": "private_subnet_2"
            },
            "tags_all": {
              "Name": "private_subnet_2"
            },
            "timeouts": null,
            "vpc_id": "vpc-01a377318dbab858e"
          },
          "sensitive_attributes": [],
          "private": "eyJlMmJmYjczMC1lY2FhLTExZTYtOGY4OC0zNDM2M2JjN2M0YzAiOnsiY3JlYXRlIjo2MDAwMDAwMDAwMDAsImRlbGV0ZSI6MTIwMDAwMDAwMDAwMH0sInNjaGVtYV92ZXJzaW9uIjoiMSJ9",
          "dependencies": [
            "module.vpc.aws_vpc.vpc"
          ]
        }
      ]
    },
    {
      "module": "module.vpc",
      "mode": "managed",
      "type": "aws_subnet",
      "name": "public_subnet",
      "provider": "provider[\"registry.terraform.io/hashicorp/aws\"]",
      "instances": [
        {
          "index_key": 0,
          "schema_version": 1,
          "attributes": {
            "arn": "arn:aws:ec2:ap-southeast-2:236983045839:subnet/subnet-022ec972a3b04de5f",
            "assign_ipv6_address_on_creation": false,
            "availability_zone": "ap-southeast-2a",
            "availability_zone_id": "apse2-az3",
            "cidr_block": "10.0.4.0/24",
            "customer_owned_ipv4_pool": "",
            "enable_dns64": false,
            "enable_lni_at_device_index": 0,
            "enable_resource_name_dns_a_record_on_launch": false,
            "enable_resource_name_dns_aaaa_record_on_launch": false,
            "id": "subnet-022ec972a3b04de5f",
            "ipv6_cidr_block": "",
            "ipv6_cidr_block_association_id": "",
            "ipv6_native": false,
            "map_customer_owned_ip_on_launch": false,
            "map_public_ip_on_launch": false,
            "outpost_arn": "",
            "owner_id": "236983045839",
            "private_dns_hostname_type_on_launch": "ip-name",
            "tags": {
              "Name": "public_subnet_0"
            },
            "tags_all": {
              "Name": "public_subnet_0"
            },
            "timeouts": null,
            "vpc_id": "vpc-01a377318dbab858e"
          },
          "sensitive_attributes": [],
          "private": "eyJlMmJmYjczMC1lY2FhLTExZTYtOGY4OC0zNDM2M2JjN2M0YzAiOnsiY3JlYXRlIjo2MDAwMDAwMDAwMDAsImRlbGV0ZSI6MTIwMDAwMDAwMDAwMH0sInNjaGVtYV92ZXJzaW9uIjoiMSJ9",
          "dependencies": [
            "module.vpc.aws_vpc.vpc"
          ]
        },
        {
          "index_key": 1,
          "schema_version": 1,
          "attributes": {
            "arn": "arn:aws:ec2:ap-southeast-2:236983045839:subnet/subnet-0bac75f4276362f2b",
            "assign_ipv6_address_on_creation": false,
            "availability_zone": "ap-southeast-2b",
            "availability_zone_id": "apse2-az1",
            "cidr_block": "10.0.5.0/24",
            "customer_owned_ipv4_pool": "",
            "enable_dns64": false,
            "enable_lni_at_device_index": 0,
            "enable_resource_name_dns_a_record_on_launch": false,
            "enable_resource_name_dns_aaaa_record_on_launch": false,
            "id": "subnet-0bac75f4276362f2b",
            "ipv6_cidr_block": "",
            "ipv6_cidr_block_association_id": "",
            "ipv6_native": false,
            "map_customer_owned_ip_on_launch": false,
            "map_public_ip_on_launch": false,
            "outpost_arn": "",
            "owner_id": "236983045839",
            "private_dns_hostname_type_on_launch": "ip-name",
            "tags": {
              "Name": "public_subnet_1"
            },
            "tags_all": {
              "Name": "public_subnet_1"
            },
            "timeouts": null,
            "vpc_id": "vpc-01a377318dbab858e"
          },
          "sensitive_attributes": [],
          "private": "eyJlMmJmYjczMC1lY2FhLTExZTYtOGY4OC0zNDM2M2JjN2M0YzAiOnsiY3JlYXRlIjo2MDAwMDAwMDAwMDAsImRlbGV0ZSI6MTIwMDAwMDAwMDAwMH0sInNjaGVtYV92ZXJzaW9uIjoiMSJ9",
          "dependencies": [
            "module.vpc.aws_vpc.vpc"
          ]
        },
        {
          "index_key": 2,
          "schema_version": 1,
          "attributes": {
            "arn": "arn:aws:ec2:ap-southeast-2:236983045839:subnet/subnet-026c6d8e9385d6cc3",
            "assign_ipv6_address_on_creation": false,
            "availability_zone": "ap-southeast-2c",
            "availability_zone_id": "apse2-az2",
            "cidr_block": "10.0.6.0/24",
            "customer_owned_ipv4_pool": "",
            "enable_dns64": false,
            "enable_lni_at_device_index": 0,
            "enable_resource_name_dns_a_record_on_launch": false,
            "enable_resource_name_dns_aaaa_record_on_launch": false,
            "id": "subnet-026c6d8e9385d6cc3",
            "ipv6_cidr_block": "",
            "ipv6_cidr_block_association_id": "",
            "ipv6_native": false,
            "map_customer_owned_ip_on_launch": false,
            "map_public_ip_on_launch": false,
            "outpost_arn": "",
            "owner_id": "236983045839",
            "private_dns_hostname_type_on_launch": "ip-name",
            "tags": {
              "Name": "public_subnet_2"
            },
            "tags_all": {
              "Name": "public_subnet_2"
            },
            "timeouts": null,
            "vpc_id": "vpc-01a377318dbab858e"
          },
          "sensitive_attributes": [],
          "private": "eyJlMmJmYjczMC1lY2FhLTExZTYtOGY4OC0zNDM2M2JjN2M0YzAiOnsiY3JlYXRlIjo2MDAwMDAwMDAwMDAsImRlbGV0ZSI6MTIwMDAwMDAwMDAwMH0sInNjaGVtYV92ZXJzaW9uIjoiMSJ9",
          "dependencies": [
            "module.vpc.aws_vpc.vpc"
          ]
        }
      ]
    },
    {
      "module": "module.vpc",
      "mode": "managed",
      "type": "aws_vpc",
      "name": "vpc",
      "provider": "provider[\"registry.terraform.io/hashicorp/aws\"]",
      "instances": [
        {
          "schema_version": 1,
          "attributes": {
            "arn": "arn:aws:ec2:ap-southeast-2:236983045839:vpc/vpc-01a377318dbab858e",
            "assign_generated_ipv6_cidr_block": false,
            "cidr_block": "10.0.0.0/16",
            "default_network_acl_id": "acl-05ae4315a7d021c8d",
            "default_route_table_id": "rtb-033901151368a26f6",
            "default_security_group_id": "sg-0f88e0e14989516d3",
            "dhcp_options_id": "dopt-08516e082df0be33f",
            "enable_dns_hostnames": true,
            "enable_dns_support": true,
            "enable_network_address_usage_metrics": false,
            "id": "vpc-01a377318dbab858e",
            "instance_tenancy": "default",
            "ipv4_ipam_pool_id": null,
            "ipv4_netmask_length": null,
            "ipv6_association_id": "",
            "ipv6_cidr_block": "",
            "ipv6_cidr_block_network_border_group": "",
            "ipv6_ipam_pool_id": "",
            "ipv6_netmask_length": 0,
            "main_route_table_id": "rtb-033901151368a26f6",
            "owner_id": "236983045839",
            "tags": {
              "Name": "vpc"
            },
            "tags_all": {
              "Name": "vpc"
            }
          },
          "sensitive_attributes": [],
          "private": "eyJzY2hlbWFfdmVyc2lvbiI6IjEifQ=="
        }
      ]
    },
    {
      "module": "module.vpc_sg",
      "mode": "managed",
      "type": "aws_security_group",
      "name": "vpc_sg",
      "provider": "provider[\"registry.terraform.io/hashicorp/aws\"]",
      "instances": [
        {
          "schema_version": 1,
          "attributes": {
            "arn": "arn:aws:ec2:ap-southeast-2:236983045839:security-group/sg-0905ae5743971466f",
            "description": "Allow SSH inbound connections",
            "egress": [
              {
                "cidr_blocks": [
                  "0.0.0.0/0"
                ],
                "description": "",
                "from_port": 0,
                "ipv6_cidr_blocks": [],
                "prefix_list_ids": [],
                "protocol": "-1",
                "security_groups": [],
                "self": false,
                "to_port": 0
              }
            ],
            "id": "sg-0905ae5743971466f",
            "ingress": [
              {
                "cidr_blocks": [
                  "0.0.0.0/0"
                ],
                "description": "",
                "from_port": -1,
                "ipv6_cidr_blocks": [],
                "prefix_list_ids": [],
                "protocol": "icmp",
                "security_groups": [],
                "self": false,
                "to_port": -1
              },
              {
                "cidr_blocks": [
                  "0.0.0.0/0"
                ],
                "description": "",
                "from_port": 22,
                "ipv6_cidr_blocks": [],
                "prefix_list_ids": [],
                "protocol": "tcp",
                "security_groups": [],
                "self": false,
                "to_port": 22
              },
              {
                "cidr_blocks": [
                  "0.0.0.0/0"
                ],
                "description": "",
                "from_port": 80,
                "ipv6_cidr_blocks": [],
                "prefix_list_ids": [],
                "protocol": "tcp",
                "security_groups": [],
                "self": false,
                "to_port": 80
              }
            ],
            "name": "allow_ssh_sg",
            "name_prefix": "",
            "owner_id": "236983045839",
            "revoke_rules_on_delete": false,
            "tags": {
              "Name": "allow_ssh_sg"
            },
            "tags_all": {
              "Name": "allow_ssh_sg"
            },
            "timeouts": null,
            "vpc_id": "vpc-01a377318dbab858e"
          },
          "sensitive_attributes": [],
          "private": "eyJlMmJmYjczMC1lY2FhLTExZTYtOGY4OC0zNDM2M2JjN2M0YzAiOnsiY3JlYXRlIjo2MDAwMDAwMDAwMDAsImRlbGV0ZSI6OTAwMDAwMDAwMDAwfSwic2NoZW1hX3ZlcnNpb24iOiIxIn0=",
          "dependencies": [
            "module.vpc.aws_vpc.vpc"
          ]
        }
      ]
    }
  ],
  "check_results": null
}
